# THIS IS AN AUTOGENERATED FILE. DO NOT EDIT THIS FILE DIRECTLY.
# yarn lockfile v1


readable-url@^1.1.0:
  version "1.1.0"
  resolved "https://registry.yarnpkg.com/readable-url/-/readable-url-1.1.0.tgz#115ce1b0de06474a0f0661c4dd263c0a71f8206b"
  integrity sha512-GbINNCSVubiA7slI/XJMyDRn8Y615l4Ct8NRZcEqkpMwCYd4hSgUk8ltvm1vQPln5KHuDC5AxL23RnYzo0me/g==
